// !$*UTF8*$!
{
	archiveVersion = 1;
	classes = {
	};
	objectVersion = 50;
	objects = {

/* Begin PBXBuildFile section */
		1868195E210FFBF200BC3ABA /* main.m in Sources */ = {isa = PBXBuildFile; fileRef = 1868195D210FFBF200BC3ABA /* main.m */; };
		18681966210FFC8B00BC3ABA /* QQFriendTableView.m in Sources */ = {isa = PBXBuildFile; fileRef = 18681965210FFC8B00BC3ABA /* QQFriendTableView.m */; };
		18681969210FFE6C00BC3ABA /* MainVC.m in Sources */ = {isa = PBXBuildFile; fileRef = 18681968210FFE6C00BC3ABA /* MainVC.m */; };
/* End PBXBuildFile section */

/* Begin PBXCopyFilesBuildPhase section */
		18681958210FFBF200BC3ABA /* CopyFiles */ = {
			isa = PBXCopyFilesBuildPhase;
			buildActionMask = 2147483647;
			dstPath = /usr/share/man/man1/;
			dstSubfolderSpec = 0;
			files = (
			);
			runOnlyForDeploymentPostprocessing = 1;
		};
/* End PBXCopyFilesBuildPhase section */

/* Begin PBXFileReference section */
		1868195A210FFBF200BC3ABA /* delegate用于配置数据 */ = {isa = PBXFileReference; explicitFileType = "compiled.mach-o.executable"; includeInIndex = 0; path = "delegate用于配置数据"; sourceTree = BUILT_PRODUCTS_DIR; };
		1868195D210FFBF200BC3ABA /* main.m */ = {isa = PBXFileReference; lastKnownFileType = sourcecode.c.objc; path = main.m; sourceTree = "<group>"; };
		18681964210FFC8B00BC3ABA /* QQFriendTableView.h */ = {isa = PBXFileReference; lastKnownFileType = sourcecode.c.h; path = QQFriendTableView.h; sourceTree = "<group>"; };
		18681965210FFC8B00BC3ABA /* QQFriendTableView.m */ = {isa = PBXFileReference; lastKnownFileType = sourcecode.c.objc; path = QQFriendTableView.m; sourceTree = "<group>"; };
		18681967210FFE6C00BC3ABA /* MainVC.h */ = {isa = PBXFileReference; lastKnownFileType = sourcecode.c.h; path = MainVC.h; sourceTree = "<group>"; };
		18681968210FFE6C00BC3ABA /* MainVC.m */ = {isa = PBXFileReference; lastKnownFileType = sourcecode.c.objc; path = MainVC.m; sourceTree = "<group>"; };
/* End PBXFileReference section */

/* Begin PBXFrameworksBuildPhase section */
		18681957210FFBF200BC3ABA /* Frameworks */ = {
			isa = PBXFrameworksBuildPhase;
			buildActionMask = 2147483647;
			files = (
			);
			runOnlyForDeploymentPostprocessing = 0;
		};
/* End PBXFrameworksBuildPhase section */

/* Begin PBXGroup section */
		18681951210FFBF200BC3ABA = {
			isa = PBXGroup;
			children = (
				1868195C210FFBF200BC3ABA /* delegate用于配置数据 */,
				1868195B210FFBF200BC3ABA /* Products */,
			);
			sourceTree = "<group>";
		};
		1868195B210FFBF200BC3ABA /* Products */ = {
			isa = PBXGroup;
			children = (
				1868195A210FFBF200BC3ABA /* delegate用于配置数据 */,
			);
			name = Products;
			sourceTree = "<group>";
		};
		1868195C210FFBF200BC3ABA /* delegate用于配置数据 */ = {
			isa = PBXGroup;
			children = (
				1868195D210FFBF200BC3ABA /* main.m */,
				18681967210FFE6C00BC3ABA /* MainVC.h */,
				18681968210FFE6C00BC3ABA /* MainVC.m */,
				18681964210FFC8B00BC3ABA /* QQFriendTableView.h */,
				18681965210FFC8B00BC3ABA /* QQFriendTableView.m */,
			);
			path = "delegate用于配置数据";
			sourceTree = "<group>";
		};
/* End PBXGroup section */

/* Begin PBXNativeTarget section */
		18681959210FFBF200BC3ABA /* delegate用于配置数据 */ = {
			isa = PBXNativeTarget;
			buildConfigurationList = 18681961210FFBF200BC3ABA /* Build configuration list for PBXNativeTarget "delegate用于配置数据" */;
			buildPhases = (
				18681956210FFBF200BC3ABA /* Sources */,
				18681957210FFBF200BC3ABA /* Frameworks */,
				18681958210FFBF200BC3ABA /* CopyFiles */,
			);
			buildRules = (
			);
			dependencies = (
			);
			name = "delegate用于配置数据";
			productName = "delegate用于配置数据";
			productReference = 1868195A210FFBF200BC3ABA /* delegate用于配置数据 */;
			productType = "com.apple.product-type.tool";
		};
/* End PBXNativeTarget section */

/* Begin PBXProject section */
		18681952210FFBF200BC3ABA /* Project object */ = {
			isa = PBXProject;
			attributes = {
				LastUpgradeCheck = 0940;
				ORGANIZATIONNAME = PengXiaodong;
				TargetAttributes = {
					18681959210FFBF200BC3ABA = {
						CreatedOnToolsVersion = 9.4;
					};
				};
			};
			buildConfigurationList = 18681955210FFBF200BC3ABA /* Build configuration list for PBXProject "delegate用于配置数据" */;
			compatibilityVersion = "Xcode 9.3";
			developmentRegion = en;
			hasScannedForEncodings = 0;
			knownRegions = (
				en,
			);
			mainGroup = 18681951210FFBF200BC3ABA;
			productRefGroup = 1868195B210FFBF200BC3ABA /* Products */;
			projectDirPath = "";
			projectRoot = "";
			targets = (
				18681959210FFBF200BC3ABA /* delegate用于配置数据 */,
			);
		};
/* End PBXProject section */

/* Begin PBXSourcesBuildPhase section */
		18681956210FFBF200BC3ABA /* Sources */ = {
			isa = PBXSourcesBuildPhase;
			buildActionMask = 2147483647;
			files = (
				18681969210FFE6C00BC3ABA /* MainVC.m in Sources */,
				1868195E210FFBF200BC3ABA /* main.m in Sources */,
				18681966210FFC8B00BC3ABA /* QQFriendTableView.m in Sources */,
			);
			runOnlyForDeploymentPostprocessing = 0;
		};
/* End PBXSourcesBuildPhase section */

/* Begin XCBuildConfiguration section */
		1868195F210FFBF200BC3ABA /* Debug */ = {
			isa = XCBuildConfiguration;
			buildSettings = {
				ALWAYS_SEARCH_USER_PATHS = NO;
				CLANG_ANALYZER_NONNULL = YES;
				CLANG_ANALYZER_NUMBER_OBJECT_CONVERSION = YES_AGGRESSIVE;
				CLANG_CXX_LANGUAGE_STANDARD = "gnu++14";
				CLANG_CXX_LIBRARY = "libc++";
				CLANG_ENABLE_MODULES = YES;
				CLANG_ENABLE_OBJC_ARC = YES;
				CLANG_ENABLE_OBJC_WEAK = YES;
				CLANG_WARN_BLOCK_CAPTURE_AUTORELEASING = YES;
				CLANG_WARN_BOOL_CONVERSION = YES;
				CLANG_WARN_COMMA = YES;
				CLANG_WARN_CONSTANT_CONVERSION = YES;
				CLANG_WARN_DEPRECATED_OBJC_IMPLEMENTATIONS = YES;
				CLANG_WARN_DIRECT_OBJC_ISA_USAGE = YES_ERROR;
				CLANG_WARN_DOCUMENTATION_COMMENTS = YES;
				CLANG_WARN_EMPTY_BODY = YES;
				CLANG_WARN_ENUM_CONVERSION = YES;
				CLANG_WARN_INFINITE_RECURSION = YES;
				CLANG_WARN_INT_CONVERSION = YES;
				CLANG_WARN_NON_LITERAL_NULL_CONVERSION = YES;
				CLANG_WARN_OBJC_IMPLICIT_RETAIN_SELF = YES;
				CLANG_WARN_OBJC_LITERAL_CONVERSION = YES;
				CLANG_WARN_OBJC_ROOT_CLASS = YES_ERROR;
				CLANG_WARN_RANGE_LOOP_ANALYSIS = YES;
				CLANG_WARN_STRICT_PROTOTYPES = YES;
				CLANG_WARN_SUSPICIOUS_MOVE = YES;
				CLANG_WARN_UNGUARDED_AVAILABILITY = YES_AGGRESSIVE;
				CLANG_WARN_UNREACHABLE_CODE = YES;
				CLANG_WARN__DUPLICATE_METHOD_MATCH = YES;
				CODE_SIGN_IDENTITY = "-";
				COPY_PHASE_STRIP = NO;
				DEBUG_INFORMATION_FORMAT = dwarf;
				ENABLE_STRICT_OBJC_MSGSEND = YES;
				ENABLE_TESTABILITY = YES;
				GCC_C_LANGUAGE_STANDARD = gnu11;
				GCC_DYNAMIC_NO_PIC = NO;
				GCC_NO_COMMON_BLOCKS = YES;
				GCC_OPTIMIZATION_LEVEL = 0;
				GCC_PREPROCESSOR_DEFINITIONS = (
					"DEBUG=1",
					"$(inherited)",
				);
				GCC_WARN_64_TO_32_BIT_CONVERSION = YES;
				GCC_WARN_ABOUT_RETURN_TYPE = YES_ERROR;
				GCC_WARN_UNDECLARED_SELECTOR = YES;
				GCC_WARN_UNINITIALIZED_AUTOS = YES_AGGRESSIVE;
				GCC_WARN_UNUSED_FUNCTION = YES;
				GCC_WARN_UNUSED_VARIABLE = YES;
				MACOSX_DEPLOYMENT_TARGET = 10.13;
				MTL_ENABLE_DEBUG_INFO = YES;
				ONLY_ACTIVE_ARCH = YES;
				SDKROOT = macosx;
			};
			name = Debug;
		};
		18681960210FFBF200BC3ABA /* Release */ = {
			isa = XCBuildConfiguration;
			buildSettings = {
				ALWAYS_SEARCH_USER_PATHS = NO;
				CLANG_ANALYZER_NONNULL = YES;
				CLANG_ANALYZER_NUMBER_OBJECT_CONVERSION = YES_AGGRESSIVE;
				CLANG_CXX_LANGUAGE_STANDARD = "gnu++14";
				CLANG_CXX_LIBRARY = "libc++";
				CLANG_ENABLE_MODULES = YES;
				CLANG_ENABLE_OBJC_ARC = YES;
				CLANG_ENABLE_OBJC_WEAK = YES;
				CLANG_WARN_BLOCK_CAPTURE_AUTORELEASING = YES;
				CLANG_WARN_BOOL_CONVERSION = YES;
				CLANG_WARN_COMMA = YES;
				CLANG_WARN_CONSTANT_CONVERSION = YES;
				CLANG_WARN_DEPRECATED_OBJC_IMPLEMENTATIONS = YES;
				CLANG_WARN_DIRECT_OBJC_ISA_USAGE = YES_ERROR;
				CLANG_WARN_DOCUMENTATION_COMMENTS = YES;
				CLANG_WARN_EMPTY_BODY = YES;
				CLANG_WARN_ENUM_CONVERSION = YES;
				CLANG_WARN_INFINITE_RECURSION = YES;
				CLANG_WARN_INT_CONVERSION = YES;
				CLANG_WARN_NON_LITERAL_NULL_CONVERSION = YES;
				CLANG_WARN_OBJC_IMPLICIT_RETAIN_SELF = YES;
				CLANG_WARN_OBJC_LITERAL_CONVERSION = YES;
				CLANG_WARN_OBJC_ROOT_CLASS = YES_ERROR;
				CLANG_WARN_RANGE_LOOP_ANALYSIS = YES;
				CLANG_WARN_STRICT_PROTOTYPES = YES;
				CLANG_WARN_SUSPICIOUS_MOVE = YES;
				CLANG_WARN_UNGUARDED_AVAILABILITY = YES_AGGRESSIVE;
				CLANG_WARN_UNREACHABLE_CODE = YES;
				CLANG_WARN__DUPLICATE_METHOD_MATCH = YES;
				CODE_SIGN_IDENTITY = "-";
				COPY_PHASE_STRIP = NO;
				DEBUG_INFORMATION_FORMAT = "dwarf-with-dsym";
				ENABLE_NS_ASSERTIONS = NO;
				ENABLE_STRICT_OBJC_MSGSEND = YES;
				GCC_C_LANGUAGE_STANDARD = gnu11;
				GCC_NO_COMMON_BLOCKS = YES;
				GCC_WARN_64_TO_32_BIT_CONVERSION = YES;
				GCC_WARN_ABOUT_RETURN_TYPE = YES_ERROR;
				GCC_WARN_UNDECLARED_SELECTOR = YES;
				GCC_WARN_UNINITIALIZED_AUTOS = YES_AGGRESSIVE;
				GCC_WARN_UNUSED_FUNCTION = YES;
				GCC_WARN_UNUSED_VARIABLE = YES;
				MACOSX_DEPLOYMENT_TARGET = 10.13;
				MTL_ENABLE_DEBUG_INFO = NO;
				SDKROOT = macosx;
			};
			name = Release;
		};
		18681962210FFBF200BC3ABA /* Debug */ = {
			isa = XCBuildConfiguration;
			buildSettings = {
				CODE_SIGN_STYLE = Automatic;
				PRODUCT_NAME = "$(TARGET_NAME)";
			};
			name = Debug;
		};
		18681963210FFBF200BC3ABA /* Release */ = {
			isa = XCBuildConfiguration;
			buildSettings = {
				CODE_SIGN_STYLE = Automatic;
				PRODUCT_NAME = "$(TARGET_NAME)";
			};
			name = Release;
		};
/* End XCBuildConfiguration section */

/* Begin XCConfigurationList section */
		18681955210FFBF200BC3ABA /* Build configuration list for PBXProject "delegate用于配置数据" */ = {
			isa = XCConfigurationList;
			buildConfigurations = (
				1868195F210FFBF200BC3ABA /* Debug */,
				18681960210FFBF200BC3ABA /* Release */,
			);
			defaultConfigurationIsVisible = 0;
			defaultConfigurationName = Release;
		};
		18681961210FFBF200BC3ABA /* Build configuration list for PBXNativeTarget "delegate用于配置数据" */ = {
			isa = XCConfigurationList;
			buildConfigurations = (
				18681962210FFBF200BC3ABA /* Debug */,
				18681963210FFBF200BC3ABA /* Release */,
			);
			defaultConfigurationIsVisible = 0;
			defaultConfigurationName = Release;
		};
/* End XCConfigurationList section */
	};
	rootObject = 18681952210FFBF200BC3ABA /* Project object */;
}
