// !$*UTF8*$!
{
	archiveVersion = 1;
	classes = {
	};
	objectVersion = 50;
	objects = {

/* Begin PBXBuildFile section */
		18681939210FE7BA00BC3ABA /* main.m in Sources */ = {isa = PBXBuildFile; fileRef = 18681938210FE7BA00BC3ABA /* main.m */; };
		18681947210FEC2100BC3ABA /* Agent.m in Sources */ = {isa = PBXBuildFile; fileRef = 18681946210FEC2100BC3ABA /* Agent.m */; };
		1868194A210FEDAB00BC3ABA /* Person.m in Sources */ = {isa = PBXBuildFile; fileRef = 18681949210FEDAB00BC3ABA /* Person.m */; };
		1868194D210FEF4D00BC3ABA /* Boss.m in Sources */ = {isa = PBXBuildFile; fileRef = 1868194C210FEF4D00BC3ABA /* Boss.m */; };
		18681950210FEFBE00BC3ABA /* Mishu.m in Sources */ = {isa = PBXBuildFile; fileRef = 1868194F210FEFBE00BC3ABA /* Mishu.m */; };
/* End PBXBuildFile section */

/* Begin PBXCopyFilesBuildPhase section */
		18681933210FE7BA00BC3ABA /* CopyFiles */ = {
			isa = PBXCopyFilesBuildPhase;
			buildActionMask = 2147483647;
			dstPath = /usr/share/man/man1/;
			dstSubfolderSpec = 0;
			files = (
			);
			runOnlyForDeploymentPostprocessing = 1;
		};
/* End PBXCopyFilesBuildPhase section */

/* Begin PBXFileReference section */
		18681935210FE7BA00BC3ABA /* 两个对象之间数据传 */ = {isa = PBXFileReference; explicitFileType = "compiled.mach-o.executable"; includeInIndex = 0; path = "两个对象之间数据传"; sourceTree = BUILT_PRODUCTS_DIR; };
		18681938210FE7BA00BC3ABA /* main.m */ = {isa = PBXFileReference; lastKnownFileType = sourcecode.c.objc; path = main.m; sourceTree = "<group>"; };
		18681945210FEC2100BC3ABA /* Agent.h */ = {isa = PBXFileReference; lastKnownFileType = sourcecode.c.h; path = Agent.h; sourceTree = "<group>"; };
		18681946210FEC2100BC3ABA /* Agent.m */ = {isa = PBXFileReference; lastKnownFileType = sourcecode.c.objc; path = Agent.m; sourceTree = "<group>"; };
		18681948210FEDAB00BC3ABA /* Person.h */ = {isa = PBXFileReference; lastKnownFileType = sourcecode.c.h; path = Person.h; sourceTree = "<group>"; };
		18681949210FEDAB00BC3ABA /* Person.m */ = {isa = PBXFileReference; lastKnownFileType = sourcecode.c.objc; path = Person.m; sourceTree = "<group>"; };
		1868194B210FEF4D00BC3ABA /* Boss.h */ = {isa = PBXFileReference; lastKnownFileType = sourcecode.c.h; path = Boss.h; sourceTree = "<group>"; };
		1868194C210FEF4D00BC3ABA /* Boss.m */ = {isa = PBXFileReference; lastKnownFileType = sourcecode.c.objc; path = Boss.m; sourceTree = "<group>"; };
		1868194E210FEFBE00BC3ABA /* Mishu.h */ = {isa = PBXFileReference; lastKnownFileType = sourcecode.c.h; path = Mishu.h; sourceTree = "<group>"; };
		1868194F210FEFBE00BC3ABA /* Mishu.m */ = {isa = PBXFileReference; lastKnownFileType = sourcecode.c.objc; path = Mishu.m; sourceTree = "<group>"; };
/* End PBXFileReference section */

/* Begin PBXFrameworksBuildPhase section */
		18681932210FE7BA00BC3ABA /* Frameworks */ = {
			isa = PBXFrameworksBuildPhase;
			buildActionMask = 2147483647;
			files = (
			);
			runOnlyForDeploymentPostprocessing = 0;
		};
/* End PBXFrameworksBuildPhase section */

/* Begin PBXGroup section */
		1868192C210FE7BA00BC3ABA = {
			isa = PBXGroup;
			children = (
				18681937210FE7BA00BC3ABA /* 两个对象之间数据传 */,
				18681936210FE7BA00BC3ABA /* Products */,
			);
			sourceTree = "<group>";
		};
		18681936210FE7BA00BC3ABA /* Products */ = {
			isa = PBXGroup;
			children = (
				18681935210FE7BA00BC3ABA /* 两个对象之间数据传 */,
			);
			name = Products;
			sourceTree = "<group>";
		};
		18681937210FE7BA00BC3ABA /* 两个对象之间数据传 */ = {
			isa = PBXGroup;
			children = (
				18681938210FE7BA00BC3ABA /* main.m */,
				1868194B210FEF4D00BC3ABA /* Boss.h */,
				1868194C210FEF4D00BC3ABA /* Boss.m */,
				1868194E210FEFBE00BC3ABA /* Mishu.h */,
				1868194F210FEFBE00BC3ABA /* Mishu.m */,
				18681948210FEDAB00BC3ABA /* Person.h */,
				18681949210FEDAB00BC3ABA /* Person.m */,
				18681945210FEC2100BC3ABA /* Agent.h */,
				18681946210FEC2100BC3ABA /* Agent.m */,
			);
			path = "两个对象之间数据传";
			sourceTree = "<group>";
		};
/* End PBXGroup section */

/* Begin PBXNativeTarget section */
		18681934210FE7BA00BC3ABA /* 两个对象之间数据传 */ = {
			isa = PBXNativeTarget;
			buildConfigurationList = 1868193C210FE7BA00BC3ABA /* Build configuration list for PBXNativeTarget "两个对象之间数据传" */;
			buildPhases = (
				18681931210FE7BA00BC3ABA /* Sources */,
				18681932210FE7BA00BC3ABA /* Frameworks */,
				18681933210FE7BA00BC3ABA /* CopyFiles */,
			);
			buildRules = (
			);
			dependencies = (
			);
			name = "两个对象之间数据传";
			productName = "两个对象之间数据传";
			productReference = 18681935210FE7BA00BC3ABA /* 两个对象之间数据传 */;
			productType = "com.apple.product-type.tool";
		};
/* End PBXNativeTarget section */

/* Begin PBXProject section */
		1868192D210FE7BA00BC3ABA /* Project object */ = {
			isa = PBXProject;
			attributes = {
				LastUpgradeCheck = 0940;
				ORGANIZATIONNAME = PengXiaodong;
				TargetAttributes = {
					18681934210FE7BA00BC3ABA = {
						CreatedOnToolsVersion = 9.4;
					};
				};
			};
			buildConfigurationList = 18681930210FE7BA00BC3ABA /* Build configuration list for PBXProject "两个对象之间数据传" */;
			compatibilityVersion = "Xcode 9.3";
			developmentRegion = en;
			hasScannedForEncodings = 0;
			knownRegions = (
				en,
			);
			mainGroup = 1868192C210FE7BA00BC3ABA;
			productRefGroup = 18681936210FE7BA00BC3ABA /* Products */;
			projectDirPath = "";
			projectRoot = "";
			targets = (
				18681934210FE7BA00BC3ABA /* 两个对象之间数据传 */,
			);
		};
/* End PBXProject section */

/* Begin PBXSourcesBuildPhase section */
		18681931210FE7BA00BC3ABA /* Sources */ = {
			isa = PBXSourcesBuildPhase;
			buildActionMask = 2147483647;
			files = (
				1868194D210FEF4D00BC3ABA /* Boss.m in Sources */,
				18681950210FEFBE00BC3ABA /* Mishu.m in Sources */,
				1868194A210FEDAB00BC3ABA /* Person.m in Sources */,
				18681939210FE7BA00BC3ABA /* main.m in Sources */,
				18681947210FEC2100BC3ABA /* Agent.m in Sources */,
			);
			runOnlyForDeploymentPostprocessing = 0;
		};
/* End PBXSourcesBuildPhase section */

/* Begin XCBuildConfiguration section */
		1868193A210FE7BA00BC3ABA /* Debug */ = {
			isa = XCBuildConfiguration;
			buildSettings = {
				ALWAYS_SEARCH_USER_PATHS = NO;
				CLANG_ANALYZER_NONNULL = YES;
				CLANG_ANALYZER_NUMBER_OBJECT_CONVERSION = YES_AGGRESSIVE;
				CLANG_CXX_LANGUAGE_STANDARD = "gnu++14";
				CLANG_CXX_LIBRARY = "libc++";
				CLANG_ENABLE_MODULES = YES;
				CLANG_ENABLE_OBJC_ARC = YES;
				CLANG_ENABLE_OBJC_WEAK = YES;
				CLANG_WARN_BLOCK_CAPTURE_AUTORELEASING = YES;
				CLANG_WARN_BOOL_CONVERSION = YES;
				CLANG_WARN_COMMA = YES;
				CLANG_WARN_CONSTANT_CONVERSION = YES;
				CLANG_WARN_DEPRECATED_OBJC_IMPLEMENTATIONS = YES;
				CLANG_WARN_DIRECT_OBJC_ISA_USAGE = YES_ERROR;
				CLANG_WARN_DOCUMENTATION_COMMENTS = YES;
				CLANG_WARN_EMPTY_BODY = YES;
				CLANG_WARN_ENUM_CONVERSION = YES;
				CLANG_WARN_INFINITE_RECURSION = YES;
				CLANG_WARN_INT_CONVERSION = YES;
				CLANG_WARN_NON_LITERAL_NULL_CONVERSION = YES;
				CLANG_WARN_OBJC_IMPLICIT_RETAIN_SELF = YES;
				CLANG_WARN_OBJC_LITERAL_CONVERSION = YES;
				CLANG_WARN_OBJC_ROOT_CLASS = YES_ERROR;
				CLANG_WARN_RANGE_LOOP_ANALYSIS = YES;
				CLANG_WARN_STRICT_PROTOTYPES = YES;
				CLANG_WARN_SUSPICIOUS_MOVE = YES;
				CLANG_WARN_UNGUARDED_AVAILABILITY = YES_AGGRESSIVE;
				CLANG_WARN_UNREACHABLE_CODE = YES;
				CLANG_WARN__DUPLICATE_METHOD_MATCH = YES;
				CODE_SIGN_IDENTITY = "-";
				COPY_PHASE_STRIP = NO;
				DEBUG_INFORMATION_FORMAT = dwarf;
				ENABLE_STRICT_OBJC_MSGSEND = YES;
				ENABLE_TESTABILITY = YES;
				GCC_C_LANGUAGE_STANDARD = gnu11;
				GCC_DYNAMIC_NO_PIC = NO;
				GCC_NO_COMMON_BLOCKS = YES;
				GCC_OPTIMIZATION_LEVEL = 0;
				GCC_PREPROCESSOR_DEFINITIONS = (
					"DEBUG=1",
					"$(inherited)",
				);
				GCC_WARN_64_TO_32_BIT_CONVERSION = YES;
				GCC_WARN_ABOUT_RETURN_TYPE = YES_ERROR;
				GCC_WARN_UNDECLARED_SELECTOR = YES;
				GCC_WARN_UNINITIALIZED_AUTOS = YES_AGGRESSIVE;
				GCC_WARN_UNUSED_FUNCTION = YES;
				GCC_WARN_UNUSED_VARIABLE = YES;
				MACOSX_DEPLOYMENT_TARGET = 10.13;
				MTL_ENABLE_DEBUG_INFO = YES;
				ONLY_ACTIVE_ARCH = YES;
				SDKROOT = macosx;
			};
			name = Debug;
		};
		1868193B210FE7BA00BC3ABA /* Release */ = {
			isa = XCBuildConfiguration;
			buildSettings = {
				ALWAYS_SEARCH_USER_PATHS = NO;
				CLANG_ANALYZER_NONNULL = YES;
				CLANG_ANALYZER_NUMBER_OBJECT_CONVERSION = YES_AGGRESSIVE;
				CLANG_CXX_LANGUAGE_STANDARD = "gnu++14";
				CLANG_CXX_LIBRARY = "libc++";
				CLANG_ENABLE_MODULES = YES;
				CLANG_ENABLE_OBJC_ARC = YES;
				CLANG_ENABLE_OBJC_WEAK = YES;
				CLANG_WARN_BLOCK_CAPTURE_AUTORELEASING = YES;
				CLANG_WARN_BOOL_CONVERSION = YES;
				CLANG_WARN_COMMA = YES;
				CLANG_WARN_CONSTANT_CONVERSION = YES;
				CLANG_WARN_DEPRECATED_OBJC_IMPLEMENTATIONS = YES;
				CLANG_WARN_DIRECT_OBJC_ISA_USAGE = YES_ERROR;
				CLANG_WARN_DOCUMENTATION_COMMENTS = YES;
				CLANG_WARN_EMPTY_BODY = YES;
				CLANG_WARN_ENUM_CONVERSION = YES;
				CLANG_WARN_INFINITE_RECURSION = YES;
				CLANG_WARN_INT_CONVERSION = YES;
				CLANG_WARN_NON_LITERAL_NULL_CONVERSION = YES;
				CLANG_WARN_OBJC_IMPLICIT_RETAIN_SELF = YES;
				CLANG_WARN_OBJC_LITERAL_CONVERSION = YES;
				CLANG_WARN_OBJC_ROOT_CLASS = YES_ERROR;
				CLANG_WARN_RANGE_LOOP_ANALYSIS = YES;
				CLANG_WARN_STRICT_PROTOTYPES = YES;
				CLANG_WARN_SUSPICIOUS_MOVE = YES;
				CLANG_WARN_UNGUARDED_AVAILABILITY = YES_AGGRESSIVE;
				CLANG_WARN_UNREACHABLE_CODE = YES;
				CLANG_WARN__DUPLICATE_METHOD_MATCH = YES;
				CODE_SIGN_IDENTITY = "-";
				COPY_PHASE_STRIP = NO;
				DEBUG_INFORMATION_FORMAT = "dwarf-with-dsym";
				ENABLE_NS_ASSERTIONS = NO;
				ENABLE_STRICT_OBJC_MSGSEND = YES;
				GCC_C_LANGUAGE_STANDARD = gnu11;
				GCC_NO_COMMON_BLOCKS = YES;
				GCC_WARN_64_TO_32_BIT_CONVERSION = YES;
				GCC_WARN_ABOUT_RETURN_TYPE = YES_ERROR;
				GCC_WARN_UNDECLARED_SELECTOR = YES;
				GCC_WARN_UNINITIALIZED_AUTOS = YES_AGGRESSIVE;
				GCC_WARN_UNUSED_FUNCTION = YES;
				GCC_WARN_UNUSED_VARIABLE = YES;
				MACOSX_DEPLOYMENT_TARGET = 10.13;
				MTL_ENABLE_DEBUG_INFO = NO;
				SDKROOT = macosx;
			};
			name = Release;
		};
		1868193D210FE7BA00BC3ABA /* Debug */ = {
			isa = XCBuildConfiguration;
			buildSettings = {
				CODE_SIGN_STYLE = Automatic;
				PRODUCT_NAME = "$(TARGET_NAME)";
			};
			name = Debug;
		};
		1868193E210FE7BA00BC3ABA /* Release */ = {
			isa = XCBuildConfiguration;
			buildSettings = {
				CODE_SIGN_STYLE = Automatic;
				PRODUCT_NAME = "$(TARGET_NAME)";
			};
			name = Release;
		};
/* End XCBuildConfiguration section */

/* Begin XCConfigurationList section */
		18681930210FE7BA00BC3ABA /* Build configuration list for PBXProject "两个对象之间数据传" */ = {
			isa = XCConfigurationList;
			buildConfigurations = (
				1868193A210FE7BA00BC3ABA /* Debug */,
				1868193B210FE7BA00BC3ABA /* Release */,
			);
			defaultConfigurationIsVisible = 0;
			defaultConfigurationName = Release;
		};
		1868193C210FE7BA00BC3ABA /* Build configuration list for PBXNativeTarget "两个对象之间数据传" */ = {
			isa = XCConfigurationList;
			buildConfigurations = (
				1868193D210FE7BA00BC3ABA /* Debug */,
				1868193E210FE7BA00BC3ABA /* Release */,
			);
			defaultConfigurationIsVisible = 0;
			defaultConfigurationName = Release;
		};
/* End XCConfigurationList section */
	};
	rootObject = 1868192D210FE7BA00BC3ABA /* Project object */;
}
